# dav-parse.wasm (#967): the Rust/WebAssembly port of dav-listing.cjs's PROPFIND listing parser,
# since #976/#978 also of s3-listing.cjs's page scan and storage-path.cjs's rules, and since #977
# of upload-sniff.cjs's validate, classify and decodeText, and since #979 of secret-envelope.cjs's
# open and seal, and since #980 of mcp.cjs's parseRpcBody and resolveSchemaRefs and since #1002 of the new chat-template-caps and provider-error crates, and since #1003 autotune-plan, and since #1004 load-verdict, and since #1012 preset-reload, and since #1062 tune-contention, and since #769/#740 prompt-framing and since #1079 long-profile, and s3-sign.cjs/s3-region.cjs (S3_SIGN_IMPL) and since #795 ssrf-policy and since #516/#704 stream-guard, and gguf-meta (gguf::node, GGUF_META_IMPL) and policy-leaves (POLICY_LEAVES_IMPL), and review-verdict (CODE_REVIEW_VERDICT_IMPL) and tool-exchange (TOOL_EXCHANGE_IMPL), and mcp-servers (MCP_SERVERS_IMPL) and decision (DECISION_IMPL), and code-net-guard (CODE_NET_GUARD_IMPL), and role-context (ROLE_CONTEXT_IMPL), and completeness-report (COMPLETENESS_REPORT_IMPL) (one module).
# Built from sbstndalton/noevia-rs at NOEVIA_RS_REF (tarball checksum NOEVIA_RS_SHA256) with
# tools/build-dav-parse-wasm.sh, reproducible on Linux x86_64 (CI and the image build; a macOS arm64
# build was observed to match, but that is not guaranteed); the module's bytes must hash to
# DAV_PARSE_WASM_SHA256 or the image build fails and every *_IMPL=wasm switch refuses to load it.
# Read by server/dav-parse-wasm.cjs, noevia-core CI and noevia's build/web.Dockerfile. The ref must
# be on noevia-rs main before a release pins this core commit (noevia CI checks it).
NOEVIA_RS_REF=aa5eca789e2c3f02b82f7389bcfdbe9d254e0631
NOEVIA_RS_SHA256=00e9bde3f192188b874cf3117cd86d7c33fc16dcc1f7fec1632ca96346fd7d02
DAV_PARSE_WASM_SHA256=02bfcf9d65f4c8542691d832e37163fed635a87316e8aa860ff6d9f6831bddd6
