# dav-parse.wasm (#967): the Rust/WebAssembly port of dav-listing.cjs's PROPFIND listing parser,
# since #976/#978 also of s3-listing.cjs's page scan and storage-path.cjs's rules, and since #977
# of upload-sniff.cjs's validate, classify and decodeText, and since #979 of secret-envelope.cjs's
# open and seal, and since #980 of mcp.cjs's parseRpcBody and resolveSchemaRefs and since #1002 of the new chat-template-caps and provider-error crates, and since #1003 autotune-plan, and since #1004 load-verdict, and since #1012 preset-reload, and since #1062 tune-contention, and since #769/#740 prompt-framing and since #1079 long-profile, and s3-sign.cjs/s3-region.cjs (S3_SIGN_IMPL) and since #795 ssrf-policy and since #516/#704 stream-guard, and gguf-meta (gguf::node, GGUF_META_IMPL) and policy-leaves (POLICY_LEAVES_IMPL), and review-verdict (CODE_REVIEW_VERDICT_IMPL) and tool-exchange (TOOL_EXCHANGE_IMPL), and mcp-servers (MCP_SERVERS_IMPL) and decision (DECISION_IMPL), and code-net-guard (CODE_NET_GUARD_IMPL), and role-context (ROLE_CONTEXT_IMPL), and completeness-report (COMPLETENESS_REPORT_IMPL), and task-lifecycle (TASK_LIFECYCLE_IMPL), and llamacpp-autoconfig (LLAMACPP_AUTOCONFIG_IMPL), and code-actions (CODE_ACTIONS_IMPL) and project-file-names (PROJECT_FILE_NAMES_IMPL), and provider-egress (PROVIDER_EGRESS_IMPL), and browser-policy (BROWSER_POLICY_IMPL, noevia-rs 9941efb7, rs#54: #1218 form-button submits ask, #1219 trailing-dot local names blocked), and tool-gate + toolboxes-permitted (TOOL_GATE_IMPL, TOOLBOXES_PERMITTED_IMPL, noevia-rs 35d0fd63, rs#55: linear punctuation strip #1223, empty-label hosts never public #1224), and llamacpp-presets (LLAMACPP_PRESETS_IMPL, noevia-rs eb14179c, rs#56) (one module); since #1212 code-actions is linear in nested find depth with a 2 MiB input cap, and project-file-names folds NFD names (#1211).
# Built from sbstndalton/noevia-rs at NOEVIA_RS_REF (tarball checksum NOEVIA_RS_SHA256) with
# tools/build-dav-parse-wasm.sh, reproducible on Linux x86_64 (CI and the image build; a macOS arm64
# build was observed to match, but that is not guaranteed); the module's bytes must hash to
# DAV_PARSE_WASM_SHA256 or the image build fails and every *_IMPL=wasm switch refuses to load it.
# Read by server/dav-parse-wasm.cjs, noevia-core CI and noevia's build/web.Dockerfile. The ref must
# be on noevia-rs main before a release pins this core commit (noevia CI checks it).
NOEVIA_RS_REF=eb14179c2c5d94acce8f9c5f9d1adac7e0af82f5
NOEVIA_RS_SHA256=3ce3d0416fd2047233410e5ec8edc6eb791d7e6454b3005c88d1d792e5595877
DAV_PARSE_WASM_SHA256=040738a438de8241bd2cd1558f2b06beaa32c5c9be01c30f09cd87cb2e978575
