# sandbox-bridge.wasm (#999): the Rust/WebAssembly port of the code sandbox bridge's untrusted-input
# handling (pi-acp-bridge.cjs lines/toolCallFor, supervisor.cjs start line and insideRoot's decision).
# Built from sbstndalton/noevia-rs at NOEVIA_RS_REF (tarball checksum NOEVIA_RS_SHA256) with
# tools/build-sandbox-bridge-wasm.sh, reproducible on Linux x86_64 (CI and the image build); the
# module's bytes must hash to SANDBOX_BRIDGE_WASM_SHA256 or the code-sandbox image build fails and
# SANDBOX_BRIDGE_IMPL=rust refuses every session and connection. Separate from server/dav-parse.lock:
# this module ships in the code-sandbox image (build context core/code-sandbox), not the web one.
# Read by code-sandbox/sandbox-bridge-wasm.cjs, code-sandbox/Dockerfile and noevia-core CI. The ref
# must be on noevia-rs main before a release pins this core commit.
NOEVIA_RS_REF=4a603dae68864e9c509a4d0366c3c646834fc977
NOEVIA_RS_SHA256=4fed85b18707f207ba546dee187ff829cb9d5406aecdc57064fdb9cba9ffc71a
SANDBOX_BRIDGE_WASM_SHA256=3a86e87ab25c5d1e90ca7f3d32ff69467151e67e235d9533360a9d7ad4ad9451
